Microsoft Visual Studio Solution File, Format Version 12.00
# Visual Studio Version 17
VisualStudioVersion = 17.4.33213.308
MinimumVisualStudioVersion = 10.0.40219.1
Project("{9A19103F-16F7-4668-BE54-9A1E7A4F7556}") = "Asiago", "src\Asiago\Asiago.csproj", "{E69B251E-4665-4BD8-8F2B-D3EF45708F32}"
EndProject
Project("{9A19103F-16F7-4668-BE54-9A1E7A4F7556}") = "Asiago.Data", "src\Asiago.Data\Asiago.Data.csproj", "{7F05AD01-0BA4-4250-8745-7AF575BFD272}"
EndProject
Project("{9A19103F-16F7-4668-BE54-9A1E7A4F7556}") = "Asiago.Common", "src\Asiago.Common\Asiago.Common.csproj", "{1C596BE3-9285-4394-B048-FAB6538205EA}"
EndProject
Global
	GlobalSection(SolutionConfigurationPlatforms) = preSolution
		Debug|Any CPU = Debug|Any CPU
		Release|Any CPU = Release|Any CPU
	EndGlobalSection
	GlobalSection(ProjectConfigurationPlatforms) = postSolution
		{E69B251E-4665-4BD8-8F2B-D3EF45708F32}.Debug|Any CPU.ActiveCfg = Debug|Any CPU
		{E69B251E-4665-4BD8-8F2B-D3EF45708F32}.Debug|Any CPU.Build.0 = Debug|Any CPU
		{E69B251E-4665-4BD8-8F2B-D3EF45708F32}.Release|Any CPU.ActiveCfg = Release|Any CPU
		{E69B251E-4665-4BD8-8F2B-D3EF45708F32}.Release|Any CPU.Build.0 = Release|Any CPU
		{7F05AD01-0BA4-4250-8745-7AF575BFD272}.Debug|Any CPU.ActiveCfg = Debug|Any CPU
		{7F05AD01-0BA4-4250-8745-7AF575BFD272}.Debug|Any CPU.Build.0 = Debug|Any CPU
		{7F05AD01-0BA4-4250-8745-7AF575BFD272}.Release|Any CPU.ActiveCfg = Release|Any CPU
		{7F05AD01-0BA4-4250-8745-7AF575BFD272}.Release|Any CPU.Build.0 = Release|Any CPU
		{1C596BE3-9285-4394-B048-FAB6538205EA}.Debug|Any CPU.ActiveCfg = Debug|Any CPU
		{1C596BE3-9285-4394-B048-FAB6538205EA}.Debug|Any CPU.Build.0 = Debug|Any CPU
		{1C596BE3-9285-4394-B048-FAB6538205EA}.Release|Any CPU.ActiveCfg = Release|Any CPU
		{1C596BE3-9285-4394-B048-FAB6538205EA}.Release|Any CPU.Build.0 = Release|Any CPU
	EndGlobalSection
	GlobalSection(SolutionProperties) = preSolution
		HideSolutionNode = FALSE
	EndGlobalSection
	GlobalSection(ExtensibilityGlobals) = postSolution
		SolutionGuid = {C8F06EFF-A7FD-4330-BA73-438AC29AB6B0}
	EndGlobalSection
EndGlobal
